
Microsoft Visual Studio Solution File, Format Version 12.00
# Visual Studio Version 16
VisualStudioVersion = 16.0.32901.82
MinimumVisualStudioVersion = 10.0.40219.1
Project("{FAE04EC0-301F-11D3-BF4B-00C04F79EFBC}") = "WebServiceApp", "WebServiceApp\WebServiceApp.csproj", "{4D2D4BE0-51B6-43BA-915E-1C5263AD71C8}"
EndProject
Global
	GlobalSection(SolutionConfigurationPlatforms) = preSolution
		Debug|Any CPU = Debug|Any CPU
		Release|Any CPU = Release|Any CPU
	EndGlobalSection
	GlobalSection(ProjectConfigurationPlatforms) = postSolution
		{4D2D4BE0-51B6-43BA-915E-1C5263AD71C8}.Debug|Any CPU.ActiveCfg = Debug|Any CPU
		{4D2D4BE0-51B6-43BA-915E-1C5263AD71C8}.Debug|Any CPU.Build.0 = Debug|Any CPU
		{4D2D4BE0-51B6-43BA-915E-1C5263AD71C8}.Release|Any CPU.ActiveCfg = Release|Any CPU
		{4D2D4BE0-51B6-43BA-915E-1C5263AD71C8}.Release|Any CPU.Build.0 = Release|Any CPU
	EndGlobalSection
	GlobalSection(SolutionProperties) = preSolution
		HideSolutionNode = FALSE
	EndGlobalSection
	GlobalSection(ExtensibilityGlobals) = postSolution
		SolutionGuid = {5473CEDA-548C-4500-B475-0EFE61CE2656}
	EndGlobalSection
EndGlobal
